// !$*UTF8*$!
{
	archiveVersion = 1;
	classes = {
	};
	objectVersion = 46;
	objects = {

/* Begin PBXBuildFile section */
		B519391713CFF09D009840E5 /* UIKit.framework in Frameworks */ = {isa = PBXBuildFile; fileRef = B519391613CFF09D009840E5 /* UIKit.framework */; };
		B519391913CFF09D009840E5 /* Foundation.framework in Frameworks */ = {isa = PBXBuildFile; fileRef = B519391813CFF09D009840E5 /* Foundation.framework */; };
		B519391B13CFF09D009840E5 /* CoreGraphics.framework in Frameworks */ = {isa = PBXBuildFile; fileRef = B519391A13CFF09D009840E5 /* CoreGraphics.framework */; };
		B519392113CFF09D009840E5 /* InfoPlist.strings in Resources */ = {isa = PBXBuildFile; fileRef = B519391F13CFF09D009840E5 /* InfoPlist.strings */; };
		B519392413CFF09D009840E5 /* main.m in Sources */ = {isa = PBXBuildFile; fileRef = B519392313CFF09D009840E5 /* main.m */; };
		B519392713CFF09D009840E5 /* BobsBoneyardAppDelegate.m in Sources */ = {isa = PBXBuildFile; fileRef = B519392613CFF09D009840E5 /* BobsBoneyardAppDelegate.m */; };
		B519392A13CFF09D009840E5 /* MainWindow.xib in Resources */ = {isa = PBXBuildFile; fileRef = B519392813CFF09D009840E5 /* MainWindow.xib */; };
		B519393F13CFF114009840E5 /* StreamingViewController.m in Sources */ = {isa = PBXBuildFile; fileRef = B519393D13CFF114009840E5 /* StreamingViewController.m */; };
		B519394913CFF14C009840E5 /* ContactViewController.m in Sources */ = {isa = PBXBuildFile; fileRef = B519394713CFF14C009840E5 /* ContactViewController.m */; };
		B519394E13CFF159009840E5 /* WebsiteViewController.m in Sources */ = {isa = PBXBuildFile; fileRef = B519394C13CFF159009840E5 /* WebsiteViewController.m */; };
		B54D6CC013D62DF200F3956C /* EpisodeDetailViewController.m in Sources */ = {isa = PBXBuildFile; fileRef = B54D6CBE13D62DF200F3956C /* EpisodeDetailViewController.m */; };
		B54D6CC113D62DF200F3956C /* EpisodeDetailViewController.xib in Resources */ = {isa = PBXBuildFile; fileRef = B54D6CBF13D62DF200F3956C /* EpisodeDetailViewController.xib */; };
		B582B96D13D13EC2003E4FD9 /* SocialViewController.m in Sources */ = {isa = PBXBuildFile; fileRef = B582B96B13D13EC2003E4FD9 /* SocialViewController.m */; };
		B582B97213D141FE003E4FD9 /* EpisodesViewController.m in Sources */ = {isa = PBXBuildFile; fileRef = B582B97013D141FE003E4FD9 /* EpisodesViewController.m */; };
		B582B97613D15079003E4FD9 /* logo_banner.jpeg in Resources */ = {isa = PBXBuildFile; fileRef = B582B97513D15079003E4FD9 /* logo_banner.jpeg */; };
		B582B97C13D15502003E4FD9 /* logo_facebook.jpg in Resources */ = {isa = PBXBuildFile; fileRef = B582B97A13D15502003E4FD9 /* logo_facebook.jpg */; };
		B582B97E13D15840003E4FD9 /* logo_twitter.png in Resources */ = {isa = PBXBuildFile; fileRef = B582B97D13D15840003E4FD9 /* logo_twitter.png */; };
		B582B98213D158FC003E4FD9 /* TwitterViewController.m in Sources */ = {isa = PBXBuildFile; fileRef = B582B98013D158FB003E4FD9 /* TwitterViewController.m */; };
		B582B98313D158FC003E4FD9 /* TwitterViewController.xib in Resources */ = {isa = PBXBuildFile; fileRef = B582B98113D158FB003E4FD9 /* TwitterViewController.xib */; };
		B582B98713D170EF003E4FD9 /* FacebookViewController.m in Sources */ = {isa = PBXBuildFile; fileRef = B582B98513D170EE003E4FD9 /* FacebookViewController.m */; };
		B582B98813D170EF003E4FD9 /* FacebookViewController.xib in Resources */ = {isa = PBXBuildFile; fileRef = B582B98613D170EF003E4FD9 /* FacebookViewController.xib */; };
		B582B9A213D23976003E4FD9 /* MWFeedParser.m in Sources */ = {isa = PBXBuildFile; fileRef = B582B99B13D23976003E4FD9 /* MWFeedParser.m */; };
		B582B9A313D23976003E4FD9 /* MWFeedItem.m in Sources */ = {isa = PBXBuildFile; fileRef = B582B99E13D23976003E4FD9 /* MWFeedItem.m */; };
		B582B9A413D23976003E4FD9 /* MWFeedInfo.m in Sources */ = {isa = PBXBuildFile; fileRef = B582B9A013D23976003E4FD9 /* MWFeedInfo.m */; };
		B582B9AC13D239C2003E4FD9 /* NSString+HTML.m in Sources */ = {isa = PBXBuildFile; fileRef = B582B9A813D239C2003E4FD9 /* NSString+HTML.m */; };
		B582B9AD13D239C2003E4FD9 /* NSDate+InternetDateTime.m in Sources */ = {isa = PBXBuildFile; fileRef = B582B9AA13D239C2003E4FD9 /* NSDate+InternetDateTime.m */; };
		B582B9B113D239E9003E4FD9 /* GTMNSString+HTML.m in Sources */ = {isa = PBXBuildFile; fileRef = B582B9AE13D239E9003E4FD9 /* GTMNSString+HTML.m */; };
		B582B9B413D239F2003E4FD9 /* NSString+XMLEntities.m in Sources */ = {isa = PBXBuildFile; fileRef = B582B9B213D239F2003E4FD9 /* NSString+XMLEntities.m */; };
		B5ED5B8013D66A91003113A0 /* SummaryBackground.png in Resources */ = {isa = PBXBuildFile; fileRef = B5ED5B7F13D66A91003113A0 /* SummaryBackground.png */; };
/* End PBXBuildFile section */

/* Begin PBXFileReference section */
		B519391213CFF09D009840E5 /* BobsBoneyard.app */ = {isa = PBXFileReference; explicitFileType = wrapper.application; includeInIndex = 0; path = BobsBoneyard.app; sourceTree = BUILT_PRODUCTS_DIR; };
		B519391613CFF09D009840E5 /* UIKit.framework */ = {isa = PBXFileReference; lastKnownFileType = wrapper.framework; name = UIKit.framework; path = System/Library/Frameworks/UIKit.framework; sourceTree = SDKROOT; };
		B519391813CFF09D009840E5 /* Foundation.framework */ = {isa = PBXFileReference; lastKnownFileType = wrapper.framework; name = Foundation.framework; path = System/Library/Frameworks/Foundation.framework; sourceTree = SDKROOT; };
		B519391A13CFF09D009840E5 /* CoreGraphics.framework */ = {isa = PBXFileReference; lastKnownFileType = wrapper.framework; name = CoreGraphics.framework; path = System/Library/Frameworks/CoreGraphics.framework; sourceTree = SDKROOT; };
		B519391E13CFF09D009840E5 /* BobsBoneyard-Info.plist */ = {isa = PBXFileReference; lastKnownFileType = text.plist.xml; path = "BobsBoneyard-Info.plist"; sourceTree = "<group>"; };
		B519392013CFF09D009840E5 /* en */ = {isa = PBXFileReference; lastKnownFileType = text.plist.strings; name = en; path = en.lproj/InfoPlist.strings; sourceTree = "<group>"; };
		B519392213CFF09D009840E5 /* BobsBoneyard-Prefix.pch */ = {isa = PBXFileReference; lastKnownFileType = sourcecode.c.h; path = "BobsBoneyard-Prefix.pch"; sourceTree = "<group>"; };
		B519392313CFF09D009840E5 /* main.m */ = {isa = PBXFileReference; lastKnownFileType = sourcecode.c.objc; path = main.m; sourceTree = "<group>"; };
		B519392513CFF09D009840E5 /* BobsBoneyardAppDelegate.h */ = {isa = PBXFileReference; lastKnownFileType = sourcecode.c.h; path = BobsBoneyardAppDelegate.h; sourceTree = "<group>"; };
		B519392613CFF09D009840E5 /* BobsBoneyardAppDelegate.m */ = {isa = PBXFileReference; lastKnownFileType = sourcecode.c.objc; path = BobsBoneyardAppDelegate.m; sourceTree = "<group>"; };
		B519392913CFF09D009840E5 /* en */ = {isa = PBXFileReference; lastKnownFileType = file.xib; name = en; path = en.lproj/MainWindow.xib; sourceTree = "<group>"; };
		B519393C13CFF114009840E5 /* StreamingViewController.h */ = {isa = PBXFileReference; fileEncoding = 4; lastKnownFileType = sourcecode.c.h; path = StreamingViewController.h; sourceTree = "<group>"; };
		B519393D13CFF114009840E5 /* StreamingViewController.m */ = {isa = PBXFileReference; fileEncoding = 4; lastKnownFileType = sourcecode.c.objc; path = StreamingViewController.m; sourceTree = "<group>"; };
		B519394613CFF14C009840E5 /* ContactViewController.h */ = {isa = PBXFileReference; fileEncoding = 4; lastKnownFileType = sourcecode.c.h; path = ContactViewController.h; sourceTree = "<group>"; };
		B519394713CFF14C009840E5 /* ContactViewController.m */ = {isa = PBXFileReference; fileEncoding = 4; lastKnownFileType = sourcecode.c.objc; path = ContactViewController.m; sourceTree = "<group>"; };
		B519394B13CFF159009840E5 /* WebsiteViewController.h */ = {isa = PBXFileReference; fileEncoding = 4; lastKnownFileType = sourcecode.c.h; path = WebsiteViewController.h; sourceTree = "<group>"; };
		B519394C13CFF159009840E5 /* WebsiteViewController.m */ = {isa = PBXFileReference; fileEncoding = 4; lastKnownFileType = sourcecode.c.objc; path = WebsiteViewController.m; sourceTree = "<group>"; };
		B54D6CBD13D62DF200F3956C /* EpisodeDetailViewController.h */ = {isa = PBXFileReference; fileEncoding = 4; lastKnownFileType = sourcecode.c.h; path = EpisodeDetailViewController.h; sourceTree = "<group>"; };
		B54D6CBE13D62DF200F3956C /* EpisodeDetailViewController.m */ = {isa = PBXFileReference; fileEncoding = 4; lastKnownFileType = sourcecode.c.objc; path = EpisodeDetailViewController.m; sourceTree = "<group>"; };
		B54D6CBF13D62DF200F3956C /* EpisodeDetailViewController.xib */ = {isa = PBXFileReference; fileEncoding = 4; lastKnownFileType = file.xib; path = EpisodeDetailViewController.xib; sourceTree = "<group>"; };
		B582B96A13D13EC2003E4FD9 /* SocialViewController.h */ = {isa = PBXFileReference; fileEncoding = 4; lastKnownFileType = sourcecode.c.h; path = SocialViewController.h; sourceTree = "<group>"; };
		B582B96B13D13EC2003E4FD9 /* SocialViewController.m */ = {isa = PBXFileReference; fileEncoding = 4; lastKnownFileType = sourcecode.c.objc; path = SocialViewController.m; sourceTree = "<group>"; };
		B582B96F13D141FE003E4FD9 /* EpisodesViewController.h */ = {isa = PBXFileReference; fileEncoding = 4; lastKnownFileType = sourcecode.c.h; path = EpisodesViewController.h; sourceTree = "<group>"; };
		B582B97013D141FE003E4FD9 /* EpisodesViewController.m */ = {isa = PBXFileReference; fileEncoding = 4; lastKnownFileType = sourcecode.c.objc; path = EpisodesViewController.m; sourceTree = "<group>"; };
		B582B97513D15079003E4FD9 /* logo_banner.jpeg */ = {isa = PBXFileReference; lastKnownFileType = image.jpeg; path = logo_banner.jpeg; sourceTree = "<group>"; };
		B582B97A13D15502003E4FD9 /* logo_facebook.jpg */ = {isa = PBXFileReference; lastKnownFileType = image.jpeg; path = logo_facebook.jpg; sourceTree = "<group>"; };
		B582B97D13D15840003E4FD9 /* logo_twitter.png */ = {isa = PBXFileReference; lastKnownFileType = image.png; path = logo_twitter.png; sourceTree = "<group>"; };
		B582B97F13D158FB003E4FD9 /* TwitterViewController.h */ = {isa = PBXFileReference; fileEncoding = 4; lastKnownFileType = sourcecode.c.h; path = TwitterViewController.h; sourceTree = "<group>"; };
		B582B98013D158FB003E4FD9 /* TwitterViewController.m */ = {isa = PBXFileReference; fileEncoding = 4; lastKnownFileType = sourcecode.c.objc; path = TwitterViewController.m; sourceTree = "<group>"; };
		B582B98113D158FB003E4FD9 /* TwitterViewController.xib */ = {isa = PBXFileReference; fileEncoding = 4; lastKnownFileType = file.xib; path = TwitterViewController.xib; sourceTree = "<group>"; };
		B582B98413D170EE003E4FD9 /* FacebookViewController.h */ = {isa = PBXFileReference; fileEncoding = 4; lastKnownFileType = sourcecode.c.h; path = FacebookViewController.h; sourceTree = "<group>"; };
		B582B98513D170EE003E4FD9 /* FacebookViewController.m */ = {isa = PBXFileReference; fileEncoding = 4; lastKnownFileType = sourcecode.c.objc; path = FacebookViewController.m; sourceTree = "<group>"; };
		B582B98613D170EF003E4FD9 /* FacebookViewController.xib */ = {isa = PBXFileReference; fileEncoding = 4; lastKnownFileType = file.xib; path = FacebookViewController.xib; sourceTree = "<group>"; };
		B582B99B13D23976003E4FD9 /* MWFeedParser.m */ = {isa = PBXFileReference; fileEncoding = 4; lastKnownFileType = sourcecode.c.objc; path = MWFeedParser.m; sourceTree = "<group>"; };
		B582B99C13D23976003E4FD9 /* MWFeedParser.h */ = {isa = PBXFileReference; fileEncoding = 4; lastKnownFileType = sourcecode.c.h; path = MWFeedParser.h; sourceTree = "<group>"; };
		B582B99D13D23976003E4FD9 /* MWFeedParser_Private.h */ = {isa = PBXFileReference; fileEncoding = 4; lastKnownFileType = sourcecode.c.h; path = MWFeedParser_Private.h; sourceTree = "<group>"; };
		B582B99E13D23976003E4FD9 /* MWFeedItem.m */ = {isa = PBXFileReference; fileEncoding = 4; lastKnownFileType = sourcecode.c.objc; path = MWFeedItem.m; sourceTree = "<group>"; };
		B582B99F13D23976003E4FD9 /* MWFeedItem.h */ = {isa = PBXFileReference; fileEncoding = 4; lastKnownFileType = sourcecode.c.h; path = MWFeedItem.h; sourceTree = "<group>"; };
		B582B9A013D23976003E4FD9 /* MWFeedInfo.m */ = {isa = PBXFileReference; fileEncoding = 4; lastKnownFileType = sourcecode.c.objc; path = MWFeedInfo.m; sourceTree = "<group>"; };
		B582B9A113D23976003E4FD9 /* MWFeedInfo.h */ = {isa = PBXFileReference; fileEncoding = 4; lastKnownFileType = sourcecode.c.h; path = MWFeedInfo.h; sourceTree = "<group>"; };
		B582B9A813D239C2003E4FD9 /* NSString+HTML.m */ = {isa = PBXFileReference; fileEncoding = 4; lastKnownFileType = sourcecode.c.objc; path = "NSString+HTML.m"; sourceTree = "<group>"; };
		B582B9A913D239C2003E4FD9 /* NSString+HTML.h */ = {isa = PBXFileReference; fileEncoding = 4; lastKnownFileType = sourcecode.c.h; path = "NSString+HTML.h"; sourceTree = "<group>"; };
		B582B9AA13D239C2003E4FD9 /* NSDate+InternetDateTime.m */ = {isa = PBXFileReference; fileEncoding = 4; lastKnownFileType = sourcecode.c.objc; path = "NSDate+InternetDateTime.m"; sourceTree = "<group>"; };
		B582B9AB13D239C2003E4FD9 /* NSDate+InternetDateTime.h */ = {isa = PBXFileReference; fileEncoding = 4; lastKnownFileType = sourcecode.c.h; path = "NSDate+InternetDateTime.h"; sourceTree = "<group>"; };
		B582B9AE13D239E9003E4FD9 /* GTMNSString+HTML.m */ = {isa = PBXFileReference; fileEncoding = 4; lastKnownFileType = sourcecode.c.objc; path = "GTMNSString+HTML.m"; sourceTree = "<group>"; };
		B582B9AF13D239E9003E4FD9 /* GTMNSString+HTML.h */ = {isa = PBXFileReference; fileEncoding = 4; lastKnownFileType = sourcecode.c.h; path = "GTMNSString+HTML.h"; sourceTree = "<group>"; };
		B582B9B013D239E9003E4FD9 /* GTMDefines.h */ = {isa = PBXFileReference; fileEncoding = 4; lastKnownFileType = sourcecode.c.h; path = GTMDefines.h; sourceTree = "<group>"; };
		B582B9B213D239F2003E4FD9 /* NSString+XMLEntities.m */ = {isa = PBXFileReference; fileEncoding = 4; lastKnownFileType = sourcecode.c.objc; path = "NSString+XMLEntities.m"; sourceTree = "<group>"; };
		B582B9B313D239F2003E4FD9 /* NSString+XMLEntities.h */ = {isa = PBXFileReference; fileEncoding = 4; lastKnownFileType = sourcecode.c.h; path = "NSString+XMLEntities.h"; sourceTree = "<group>"; };
		B5ED5B7F13D66A91003113A0 /* SummaryBackground.png */ = {isa = PBXFileReference; lastKnownFileType = image.png; path = SummaryBackground.png; sourceTree = "<group>"; };
/* End PBXFileReference section */

/* Begin PBXFrameworksBuildPhase section */
		B519390F13CFF09D009840E5 /* Frameworks */ = {
			isa = PBXFrameworksBuildPhase;
			buildActionMask = 2147483647;
			files = (
				B519391713CFF09D009840E5 /* UIKit.framework in Frameworks */,
				B519391913CFF09D009840E5 /* Foundation.framework in Frameworks */,
				B519391B13CFF09D009840E5 /* CoreGraphics.framework in Frameworks */,
			);
			runOnlyForDeploymentPostprocessing = 0;
		};
/* End PBXFrameworksBuildPhase section */

/* Begin PBXGroup section */
		B519390713CFF09D009840E5 = {
			isa = PBXGroup;
			children = (
				B519391C13CFF09D009840E5 /* BobsBoneyard */,
				B519391513CFF09D009840E5 /* Frameworks */,
				B519391313CFF09D009840E5 /* Products */,
			);
			sourceTree = "<group>";
		};
		B519391313CFF09D009840E5 /* Products */ = {
			isa = PBXGroup;
			children = (
				B519391213CFF09D009840E5 /* BobsBoneyard.app */,
			);
			name = Products;
			sourceTree = "<group>";
		};
		B519391513CFF09D009840E5 /* Frameworks */ = {
			isa = PBXGroup;
			children = (
				B519391613CFF09D009840E5 /* UIKit.framework */,
				B519391813CFF09D009840E5 /* Foundation.framework */,
				B519391A13CFF09D009840E5 /* CoreGraphics.framework */,
			);
			name = Frameworks;
			sourceTree = "<group>";
		};
		B519391C13CFF09D009840E5 /* BobsBoneyard */ = {
			isa = PBXGroup;
			children = (
				B582B9A513D2397E003E4FD9 /* Categories */,
				B582B99A13D23907003E4FD9 /* MWFeedParser */,
				B582B97413D14FE5003E4FD9 /* Images */,
				B519392513CFF09D009840E5 /* BobsBoneyardAppDelegate.h */,
				B519392613CFF09D009840E5 /* BobsBoneyardAppDelegate.m */,
				B519392813CFF09D009840E5 /* MainWindow.xib */,
				B519391D13CFF09D009840E5 /* Supporting Files */,
				B54D6CCA13D632A500F3956C /* Views */,
			);
			path = BobsBoneyard;
			sourceTree = "<group>";
		};
		B519391D13CFF09D009840E5 /* Supporting Files */ = {
			isa = PBXGroup;
			children = (
				B519391E13CFF09D009840E5 /* BobsBoneyard-Info.plist */,
				B519391F13CFF09D009840E5 /* InfoPlist.strings */,
				B519392213CFF09D009840E5 /* BobsBoneyard-Prefix.pch */,
				B519392313CFF09D009840E5 /* main.m */,
			);
			name = "Supporting Files";
			sourceTree = "<group>";
		};
		B54D6CC313D6319B00F3956C /* StreamingView */ = {
			isa = PBXGroup;
			children = (
				B519393C13CFF114009840E5 /* StreamingViewController.h */,
				B519393D13CFF114009840E5 /* StreamingViewController.m */,
			);
			name = StreamingView;
			sourceTree = "<group>";
		};
		B54D6CC413D631B400F3956C /* ContactView */ = {
			isa = PBXGroup;
			children = (
				B519394613CFF14C009840E5 /* ContactViewController.h */,
				B519394713CFF14C009840E5 /* ContactViewController.m */,
			);
			name = ContactView;
			sourceTree = "<group>";
		};
		B54D6CC513D631CB00F3956C /* WebsiteView */ = {
			isa = PBXGroup;
			children = (
				B519394B13CFF159009840E5 /* WebsiteViewController.h */,
				B519394C13CFF159009840E5 /* WebsiteViewController.m */,
			);
			name = WebsiteView;
			sourceTree = "<group>";
		};
		B54D6CC613D6323900F3956C /* SocialView */ = {
			isa = PBXGroup;
			children = (
				B582B96A13D13EC2003E4FD9 /* SocialViewController.h */,
				B582B96B13D13EC2003E4FD9 /* SocialViewController.m */,
				B54D6CC913D6326600F3956C /* Facebook */,
				B54D6CC713D6324C00F3956C /* Twitter */,
			);
			name = SocialView;
			sourceTree = "<group>";
		};
		B54D6CC713D6324C00F3956C /* Twitter */ = {
			isa = PBXGroup;
			children = (
				B582B97F13D158FB003E4FD9 /* TwitterViewController.h */,
				B582B98013D158FB003E4FD9 /* TwitterViewController.m */,
				B582B98113D158FB003E4FD9 /* TwitterViewController.xib */,
			);
			name = Twitter;
			sourceTree = "<group>";
		};
		B54D6CC813D6325500F3956C /* EpisodesView */ = {
			isa = PBXGroup;
			children = (
				B582B96F13D141FE003E4FD9 /* EpisodesViewController.h */,
				B582B97013D141FE003E4FD9 /* EpisodesViewController.m */,
				B54D6CBD13D62DF200F3956C /* EpisodeDetailViewController.h */,
				B54D6CBE13D62DF200F3956C /* EpisodeDetailViewController.m */,
				B54D6CBF13D62DF200F3956C /* EpisodeDetailViewController.xib */,
			);
			name = EpisodesView;
			sourceTree = "<group>";
		};
		B54D6CC913D6326600F3956C /* Facebook */ = {
			isa = PBXGroup;
			children = (
				B582B98413D170EE003E4FD9 /* FacebookViewController.h */,
				B582B98513D170EE003E4FD9 /* FacebookViewController.m */,
				B582B98613D170EF003E4FD9 /* FacebookViewController.xib */,
			);
			name = Facebook;
			sourceTree = "<group>";
		};
		B54D6CCA13D632A500F3956C /* Views */ = {
			isa = PBXGroup;
			children = (
				B54D6CC413D631B400F3956C /* ContactView */,
				B54D6CC813D6325500F3956C /* EpisodesView */,
				B54D6CC613D6323900F3956C /* SocialView */,
				B54D6CC313D6319B00F3956C /* StreamingView */,
				B54D6CC513D631CB00F3956C /* WebsiteView */,
			);
			name = Views;
			sourceTree = "<group>";
		};
		B582B97413D14FE5003E4FD9 /* Images */ = {
			isa = PBXGroup;
			children = (
				B5ED5B7F13D66A91003113A0 /* SummaryBackground.png */,
				B582B97D13D15840003E4FD9 /* logo_twitter.png */,
				B582B97A13D15502003E4FD9 /* logo_facebook.jpg */,
				B582B97513D15079003E4FD9 /* logo_banner.jpeg */,
			);
			name = Images;
			sourceTree = "<group>";
		};
		B582B99A13D23907003E4FD9 /* MWFeedParser */ = {
			isa = PBXGroup;
			children = (
				B582B99B13D23976003E4FD9 /* MWFeedParser.m */,
				B582B99C13D23976003E4FD9 /* MWFeedParser.h */,
				B582B99D13D23976003E4FD9 /* MWFeedParser_Private.h */,
				B582B99E13D23976003E4FD9 /* MWFeedItem.m */,
				B582B99F13D23976003E4FD9 /* MWFeedItem.h */,
				B582B9A013D23976003E4FD9 /* MWFeedInfo.m */,
				B582B9A113D23976003E4FD9 /* MWFeedInfo.h */,
			);
			name = MWFeedParser;
			sourceTree = "<group>";
		};
		B582B9A513D2397E003E4FD9 /* Categories */ = {
			isa = PBXGroup;
			children = (
				B582B9A813D239C2003E4FD9 /* NSString+HTML.m */,
				B582B9A913D239C2003E4FD9 /* NSString+HTML.h */,
				B582B9AA13D239C2003E4FD9 /* NSDate+InternetDateTime.m */,
				B582B9AB13D239C2003E4FD9 /* NSDate+InternetDateTime.h */,
				B582B9A713D23999003E4FD9 /* Depreciated */,
				B582B9A613D2398C003E4FD9 /* Google Toobox for Mac */,
			);
			name = Categories;
			sourceTree = "<group>";
		};
		B582B9A613D2398C003E4FD9 /* Google Toobox for Mac */ = {
			isa = PBXGroup;
			children = (
				B582B9AE13D239E9003E4FD9 /* GTMNSString+HTML.m */,
				B582B9AF13D239E9003E4FD9 /* GTMNSString+HTML.h */,
				B582B9B013D239E9003E4FD9 /* GTMDefines.h */,
			);
			name = "Google Toobox for Mac";
			sourceTree = "<group>";
		};
		B582B9A713D23999003E4FD9 /* Depreciated */ = {
			isa = PBXGroup;
			children = (
				B582B9B213D239F2003E4FD9 /* NSString+XMLEntities.m */,
				B582B9B313D239F2003E4FD9 /* NSString+XMLEntities.h */,
			);
			name = Depreciated;
			sourceTree = "<group>";
		};
/* End PBXGroup section */

/* Begin PBXNativeTarget section */
		B519391113CFF09D009840E5 /* BobsBoneyard */ = {
			isa = PBXNativeTarget;
			buildConfigurationList = B519393913CFF09D009840E5 /* Build configuration list for PBXNativeTarget "BobsBoneyard" */;
			buildPhases = (
				B519390E13CFF09D009840E5 /* Sources */,
				B519390F13CFF09D009840E5 /* Frameworks */,
				B519391013CFF09D009840E5 /* Resources */,
			);
			buildRules = (
			);
			dependencies = (
			);
			name = BobsBoneyard;
			productName = BobsBoneyard;
			productReference = B519391213CFF09D009840E5 /* BobsBoneyard.app */;
			productType = "com.apple.product-type.application";
		};
/* End PBXNativeTarget section */

/* Begin PBXProject section */
		B519390913CFF09D009840E5 /* Project object */ = {
			isa = PBXProject;
			buildConfigurationList = B519390C13CFF09D009840E5 /* Build configuration list for PBXProject "BobsBoneyard" */;
			compatibilityVersion = "Xcode 3.2";
			developmentRegion = English;
			hasScannedForEncodings = 0;
			knownRegions = (
				en,
			);
			mainGroup = B519390713CFF09D009840E5;
			productRefGroup = B519391313CFF09D009840E5 /* Products */;
			projectDirPath = "";
			projectRoot = "";
			targets = (
				B519391113CFF09D009840E5 /* BobsBoneyard */,
			);
		};
/* End PBXProject section */

/* Begin PBXResourcesBuildPhase section */
		B519391013CFF09D009840E5 /* Resources */ = {
			isa = PBXResourcesBuildPhase;
			buildActionMask = 2147483647;
			files = (
				B519392113CFF09D009840E5 /* InfoPlist.strings in Resources */,
				B519392A13CFF09D009840E5 /* MainWindow.xib in Resources */,
				B582B97613D15079003E4FD9 /* logo_banner.jpeg in Resources */,
				B582B97C13D15502003E4FD9 /* logo_facebook.jpg in Resources */,
				B582B97E13D15840003E4FD9 /* logo_twitter.png in Resources */,
				B582B98313D158FC003E4FD9 /* TwitterViewController.xib in Resources */,
				B582B98813D170EF003E4FD9 /* FacebookViewController.xib in Resources */,
				B54D6CC113D62DF200F3956C /* EpisodeDetailViewController.xib in Resources */,
				B5ED5B8013D66A91003113A0 /* SummaryBackground.png in Resources */,
			);
			runOnlyForDeploymentPostprocessing = 0;
		};
/* End PBXResourcesBuildPhase section */

/* Begin PBXSourcesBuildPhase section */
		B519390E13CFF09D009840E5 /* Sources */ = {
			isa = PBXSourcesBuildPhase;
			buildActionMask = 2147483647;
			files = (
				B519392413CFF09D009840E5 /* main.m in Sources */,
				B519392713CFF09D009840E5 /* BobsBoneyardAppDelegate.m in Sources */,
				B519393F13CFF114009840E5 /* StreamingViewController.m in Sources */,
				B519394913CFF14C009840E5 /* ContactViewController.m in Sources */,
				B519394E13CFF159009840E5 /* WebsiteViewController.m in Sources */,
				B582B96D13D13EC2003E4FD9 /* SocialViewController.m in Sources */,
				B582B97213D141FE003E4FD9 /* EpisodesViewController.m in Sources */,
				B582B98213D158FC003E4FD9 /* TwitterViewController.m in Sources */,
				B582B98713D170EF003E4FD9 /* FacebookViewController.m in Sources */,
				B582B9A213D23976003E4FD9 /* MWFeedParser.m in Sources */,
				B582B9A313D23976003E4FD9 /* MWFeedItem.m in Sources */,
				B582B9A413D23976003E4FD9 /* MWFeedInfo.m in Sources */,
				B582B9AC13D239C2003E4FD9 /* NSString+HTML.m in Sources */,
				B582B9AD13D239C2003E4FD9 /* NSDate+InternetDateTime.m in Sources */,
				B582B9B113D239E9003E4FD9 /* GTMNSString+HTML.m in Sources */,
				B582B9B413D239F2003E4FD9 /* NSString+XMLEntities.m in Sources */,
				B54D6CC013D62DF200F3956C /* EpisodeDetailViewController.m in Sources */,
			);
			runOnlyForDeploymentPostprocessing = 0;
		};
/* End PBXSourcesBuildPhase section */

/* Begin PBXVariantGroup section */
		B519391F13CFF09D009840E5 /* InfoPlist.strings */ = {
			isa = PBXVariantGroup;
			children = (
				B519392013CFF09D009840E5 /* en */,
			);
			name = InfoPlist.strings;
			sourceTree = "<group>";
		};
		B519392813CFF09D009840E5 /* MainWindow.xib */ = {
			isa = PBXVariantGroup;
			children = (
				B519392913CFF09D009840E5 /* en */,
			);
			name = MainWindow.xib;
			sourceTree = "<group>";
		};
/* End PBXVariantGroup section */

/* Begin XCBuildConfiguration section */
		B519393713CFF09D009840E5 /* Debug */ = {
			isa = XCBuildConfiguration;
			buildSettings = {
				ARCHS = "$(ARCHS_STANDARD_32_BIT)";
				"CODE_SIGN_IDENTITY[sdk=iphoneos*]" = "iPhone Developer";
				GCC_C_LANGUAGE_STANDARD = gnu99;
				GCC_OPTIMIZATION_LEVEL = 0;
				GCC_PREPROCESSOR_DEFINITIONS = DEBUG;
				GCC_SYMBOLS_PRIVATE_EXTERN = NO;
				GCC_VERSION = com.apple.compilers.llvmgcc42;
				GCC_WARN_ABOUT_RETURN_TYPE = YES;
				GCC_WARN_UNUSED_VARIABLE = YES;
				IPHONEOS_DEPLOYMENT_TARGET = 4.3;
				SDKROOT = iphoneos;
			};
			name = Debug;
		};
		B519393813CFF09D009840E5 /* Release */ = {
			isa = XCBuildConfiguration;
			buildSettings = {
				ARCHS = "$(ARCHS_STANDARD_32_BIT)";
				"CODE_SIGN_IDENTITY[sdk=iphoneos*]" = "iPhone Developer";
				GCC_C_LANGUAGE_STANDARD = gnu99;
				GCC_VERSION = com.apple.compilers.llvmgcc42;
				GCC_WARN_ABOUT_RETURN_TYPE = YES;
				GCC_WARN_UNUSED_VARIABLE = YES;
				IPHONEOS_DEPLOYMENT_TARGET = 4.3;
				OTHER_CFLAGS = "-DNS_BLOCK_ASSERTIONS=1";
				SDKROOT = iphoneos;
			};
			name = Release;
		};
		B519393A13CFF09D009840E5 /* Debug */ = {
			isa = XCBuildConfiguration;
			buildSettings = {
				ALWAYS_SEARCH_USER_PATHS = NO;
				COPY_PHASE_STRIP = NO;
				GCC_DYNAMIC_NO_PIC = NO;
				GCC_PRECOMPILE_PREFIX_HEADER = YES;
				GCC_PREFIX_HEADER = "BobsBoneyard/BobsBoneyard-Prefix.pch";
				INFOPLIST_FILE = "BobsBoneyard/BobsBoneyard-Info.plist";
				IPHONEOS_DEPLOYMENT_TARGET = 4.2;
				PRODUCT_NAME = "$(TARGET_NAME)";
				WRAPPER_EXTENSION = app;
			};
			name = Debug;
		};
		B519393B13CFF09D009840E5 /* Release */ = {
			isa = XCBuildConfiguration;
			buildSettings = {
				ALWAYS_SEARCH_USER_PATHS = NO;
				COPY_PHASE_STRIP = YES;
				GCC_PRECOMPILE_PREFIX_HEADER = YES;
				GCC_PREFIX_HEADER = "BobsBoneyard/BobsBoneyard-Prefix.pch";
				INFOPLIST_FILE = "BobsBoneyard/BobsBoneyard-Info.plist";
				IPHONEOS_DEPLOYMENT_TARGET = 4.2;
				PRODUCT_NAME = "$(TARGET_NAME)";
				VALIDATE_PRODUCT = YES;
				WRAPPER_EXTENSION = app;
			};
			name = Release;
		};
/* End XCBuildConfiguration section */

/* Begin XCConfigurationList section */
		B519390C13CFF09D009840E5 /* Build configuration list for PBXProject "BobsBoneyard" */ = {
			isa = XCConfigurationList;
			buildConfigurations = (
				B519393713CFF09D009840E5 /* Debug */,
				B519393813CFF09D009840E5 /* Release */,
			);
			defaultConfigurationIsVisible = 0;
			defaultConfigurationName = Release;
		};
		B519393913CFF09D009840E5 /* Build configuration list for PBXNativeTarget "BobsBoneyard" */ = {
			isa = XCConfigurationList;
			buildConfigurations = (
				B519393A13CFF09D009840E5 /* Debug */,
				B519393B13CFF09D009840E5 /* Release */,
			);
			defaultConfigurationIsVisible = 0;
			defaultConfigurationName = Release;
		};
/* End XCConfigurationList section */
	};
	rootObject = B519390913CFF09D009840E5 /* Project object */;
}
